
Microsoft Visual Studio Solution File, Format Version 12.00
# Visual Studio Version 17
VisualStudioVersion = 17.2.32602.215
MinimumVisualStudioVersion = 10.0.40219.1
Project("{9A19103F-16F7-4668-BE54-9A1E7A4F7556}") = "FE-Ferreteria", "FE-Ferreteria\FE-Ferreteria.csproj", "{69C2DE34-BDC9-4366-8BB6-F80FFB497729}"
EndProject
Global
	GlobalSection(SolutionConfigurationPlatforms) = preSolution
		Debug|Any CPU = Debug|Any CPU
		Release|Any CPU = Release|Any CPU
	EndGlobalSection
	GlobalSection(ProjectConfigurationPlatforms) = postSolution
		{69C2DE34-BDC9-4366-8BB6-F80FFB497729}.Debug|Any CPU.ActiveCfg = Debug|Any CPU
		{69C2DE34-BDC9-4366-8BB6-F80FFB497729}.Debug|Any CPU.Build.0 = Debug|Any CPU
		{69C2DE34-BDC9-4366-8BB6-F80FFB497729}.Release|Any CPU.ActiveCfg = Release|Any CPU
		{69C2DE34-BDC9-4366-8BB6-F80FFB497729}.Release|Any CPU.Build.0 = Release|Any CPU
	EndGlobalSection
	GlobalSection(SolutionProperties) = preSolution
		HideSolutionNode = FALSE
	EndGlobalSection
	GlobalSection(ExtensibilityGlobals) = postSolution
		SolutionGuid = {C6A21D0D-6D0B-417D-ABE3-10AC939619FF}
	EndGlobalSection
EndGlobal
