
Microsoft Visual Studio Solution File, Format Version 12.00
# Visual Studio Version 17
VisualStudioVersion = 17.2.32602.215
MinimumVisualStudioVersion = 10.0.40219.1
Project("{FAE04EC0-301F-11D3-BF4B-00C04F79EFBC}") = "BE-Ferreteria", "BE-Ferreteria\BE-Ferreteria.csproj", "{1C2BBE38-7C68-4AFF-9E2A-9E4A60BBA06A}"
EndProject
Project("{FAE04EC0-301F-11D3-BF4B-00C04F79EFBC}") = "BE-Ferreteria.Data", "BE-Ferreteria.Data\BE-Ferreteria.Data.csproj", "{958D7D14-73EF-41F7-B7B2-0062F32FA208}"
EndProject
Project("{FAE04EC0-301F-11D3-BF4B-00C04F79EFBC}") = "BE-Ferreteria.Models", "BE-Ferreteria.Models\BE-Ferreteria.Models.csproj", "{F157FE58-4858-4754-98AB-2B886164561E}"
EndProject
Global
	GlobalSection(SolutionConfigurationPlatforms) = preSolution
		Debug|Any CPU = Debug|Any CPU
		Release|Any CPU = Release|Any CPU
	EndGlobalSection
	GlobalSection(ProjectConfigurationPlatforms) = postSolution
		{1C2BBE38-7C68-4AFF-9E2A-9E4A60BBA06A}.Debug|Any CPU.ActiveCfg = Debug|Any CPU
		{1C2BBE38-7C68-4AFF-9E2A-9E4A60BBA06A}.Debug|Any CPU.Build.0 = Debug|Any CPU
		{1C2BBE38-7C68-4AFF-9E2A-9E4A60BBA06A}.Release|Any CPU.ActiveCfg = Release|Any CPU
		{1C2BBE38-7C68-4AFF-9E2A-9E4A60BBA06A}.Release|Any CPU.Build.0 = Release|Any CPU
		{958D7D14-73EF-41F7-B7B2-0062F32FA208}.Debug|Any CPU.ActiveCfg = Debug|Any CPU
		{958D7D14-73EF-41F7-B7B2-0062F32FA208}.Debug|Any CPU.Build.0 = Debug|Any CPU
		{958D7D14-73EF-41F7-B7B2-0062F32FA208}.Release|Any CPU.ActiveCfg = Release|Any CPU
		{958D7D14-73EF-41F7-B7B2-0062F32FA208}.Release|Any CPU.Build.0 = Release|Any CPU
		{F157FE58-4858-4754-98AB-2B886164561E}.Debug|Any CPU.ActiveCfg = Debug|Any CPU
		{F157FE58-4858-4754-98AB-2B886164561E}.Debug|Any CPU.Build.0 = Debug|Any CPU
		{F157FE58-4858-4754-98AB-2B886164561E}.Release|Any CPU.ActiveCfg = Release|Any CPU
		{F157FE58-4858-4754-98AB-2B886164561E}.Release|Any CPU.Build.0 = Release|Any CPU
	EndGlobalSection
	GlobalSection(SolutionProperties) = preSolution
		HideSolutionNode = FALSE
	EndGlobalSection
	GlobalSection(ExtensibilityGlobals) = postSolution
		SolutionGuid = {84BDCD26-86E7-4866-8A89-D92254222F05}
	EndGlobalSection
EndGlobal
